
Microsoft Visual Studio Solution File, Format Version 12.00
# Visual Studio Version 16
VisualStudioVersion = 16.0.28803.156
MinimumVisualStudioVersion = 10.0.40219.1
Project("{FAE04EC0-301F-11D3-BF4B-00C04F79EFBC}") = "Photato", "Photato\Photato.csproj", "{414E444C-BEBC-468A-9574-8AF1E290EB88}"
EndProject
Project("{FAE04EC0-301F-11D3-BF4B-00C04F79EFBC}") = "ImageSorter", "ImageSorter\ImageSorter.csproj", "{899392D2-1553-439C-B438-D861A475FD00}"
EndProject
Global
	GlobalSection(SolutionConfigurationPlatforms) = preSolution
		Debug|Any CPU = Debug|Any CPU
		Release|Any CPU = Release|Any CPU
	EndGlobalSection
	GlobalSection(ProjectConfigurationPlatforms) = postSolution
		{414E444C-BEBC-468A-9574-8AF1E290EB88}.Debug|Any CPU.ActiveCfg = Debug|Any CPU
		{414E444C-BEBC-468A-9574-8AF1E290EB88}.Debug|Any CPU.Build.0 = Debug|Any CPU
		{414E444C-BEBC-468A-9574-8AF1E290EB88}.Release|Any CPU.ActiveCfg = Release|Any CPU
		{414E444C-BEBC-468A-9574-8AF1E290EB88}.Release|Any CPU.Build.0 = Release|Any CPU
		{899392D2-1553-439C-B438-D861A475FD00}.Debug|Any CPU.ActiveCfg = Debug|Any CPU
		{899392D2-1553-439C-B438-D861A475FD00}.Debug|Any CPU.Build.0 = Debug|Any CPU
		{899392D2-1553-439C-B438-D861A475FD00}.Release|Any CPU.ActiveCfg = Release|Any CPU
		{899392D2-1553-439C-B438-D861A475FD00}.Release|Any CPU.Build.0 = Release|Any CPU
	EndGlobalSection
	GlobalSection(SolutionProperties) = preSolution
		HideSolutionNode = FALSE
	EndGlobalSection
	GlobalSection(ExtensibilityGlobals) = postSolution
		SolutionGuid = {0170CE09-EF81-48C1-A171-B32272B5D93B}
	EndGlobalSection
EndGlobal
